// !$*UTF8*$!
{
	archiveVersion = 1;
	classes = {
	};
	objectVersion = 56;
	objects = {

/* Begin PBXBuildFile section */
		DC83548929F7C0EA003D7840 /* ITC_PokemonApp.swift in Sources */ = {isa = PBXBuildFile; fileRef = DC83548829F7C0EA003D7840 /* ITC_PokemonApp.swift */; };
		DC83548B29F7C0EA003D7840 /* ContentView.swift in Sources */ = {isa = PBXBuildFile; fileRef = DC83548A29F7C0EA003D7840 /* ContentView.swift */; };
		DC83548D29F7C0EB003D7840 /* Assets.xcassets in Resources */ = {isa = PBXBuildFile; fileRef = DC83548C29F7C0EB003D7840 /* Assets.xcassets */; };
		DC83549029F7C0EB003D7840 /* Preview Assets.xcassets in Resources */ = {isa = PBXBuildFile; fileRef = DC83548F29F7C0EB003D7840 /* Preview Assets.xcassets */; };
		DC83549A29F7C0EB003D7840 /* ITC_PokemonTests.swift in Sources */ = {isa = PBXBuildFile; fileRef = DC83549929F7C0EB003D7840 /* ITC_PokemonTests.swift */; };
		DC8354A429F7C0EC003D7840 /* ITC_PokemonUITests.swift in Sources */ = {isa = PBXBuildFile; fileRef = DC8354A329F7C0EC003D7840 /* ITC_PokemonUITests.swift */; };
		DC8354A629F7C0EC003D7840 /* ITC_PokemonUITestsLaunchTests.swift in Sources */ = {isa = PBXBuildFile; fileRef = DC8354A529F7C0EC003D7840 /* ITC_PokemonUITestsLaunchTests.swift */; };
		DC8354B329F7C567003D7840 /* PokemonModel.swift in Sources */ = {isa = PBXBuildFile; fileRef = DC8354B229F7C567003D7840 /* PokemonModel.swift */; };
		DC8354B829F7C77B003D7840 /* APIEndpoints.swift in Sources */ = {isa = PBXBuildFile; fileRef = DC8354B729F7C77B003D7840 /* APIEndpoints.swift */; };
/* End PBXBuildFile section */

/* Begin PBXContainerItemProxy section */
		DC83549629F7C0EB003D7840 /* PBXContainerItemProxy */ = {
			isa = PBXContainerItemProxy;
			containerPortal = DC83547D29F7C0EA003D7840 /* Project object */;
			proxyType = 1;
			remoteGlobalIDString = DC83548429F7C0EA003D7840;
			remoteInfo = ITC_Pokemon;
		};
		DC8354A029F7C0EC003D7840 /* PBXContainerItemProxy */ = {
			isa = PBXContainerItemProxy;
			containerPortal = DC83547D29F7C0EA003D7840 /* Project object */;
			proxyType = 1;
			remoteGlobalIDString = DC83548429F7C0EA003D7840;
			remoteInfo = ITC_Pokemon;
		};
/* End PBXContainerItemProxy section */

/* Begin PBXFileReference section */
		DC83548529F7C0EA003D7840 /* ITC_Pokemon.app */ = {isa = PBXFileReference; explicitFileType = wrapper.application; includeInIndex = 0; path = ITC_Pokemon.app; sourceTree = BUILT_PRODUCTS_DIR; };
		DC83548829F7C0EA003D7840 /* ITC_PokemonApp.swift */ = {isa = PBXFileReference; lastKnownFileType = sourcecode.swift; path = ITC_PokemonApp.swift; sourceTree = "<group>"; };
		DC83548A29F7C0EA003D7840 /* ContentView.swift */ = {isa = PBXFileReference; lastKnownFileType = sourcecode.swift; path = ContentView.swift; sourceTree = "<group>"; };
		DC83548C29F7C0EB003D7840 /* Assets.xcassets */ = {isa = PBXFileReference; lastKnownFileType = folder.assetcatalog; path = Assets.xcassets; sourceTree = "<group>"; };
		DC83548F29F7C0EB003D7840 /* Preview Assets.xcassets */ = {isa = PBXFileReference; lastKnownFileType = folder.assetcatalog; path = "Preview Assets.xcassets"; sourceTree = "<group>"; };
		DC83549529F7C0EB003D7840 /* ITC_PokemonTests.xctest */ = {isa = PBXFileReference; explicitFileType = wrapper.cfbundle; includeInIndex = 0; path = ITC_PokemonTests.xctest; sourceTree = BUILT_PRODUCTS_DIR; };
		DC83549929F7C0EB003D7840 /* ITC_PokemonTests.swift */ = {isa = PBXFileReference; lastKnownFileType = sourcecode.swift; path = ITC_PokemonTests.swift; sourceTree = "<group>"; };
		DC83549F29F7C0EC003D7840 /* ITC_PokemonUITests.xctest */ = {isa = PBXFileReference; explicitFileType = wrapper.cfbundle; includeInIndex = 0; path = ITC_PokemonUITests.xctest; sourceTree = BUILT_PRODUCTS_DIR; };
		DC8354A329F7C0EC003D7840 /* ITC_PokemonUITests.swift */ = {isa = PBXFileReference; lastKnownFileType = sourcecode.swift; path = ITC_PokemonUITests.swift; sourceTree = "<group>"; };
		DC8354A529F7C0EC003D7840 /* ITC_PokemonUITestsLaunchTests.swift */ = {isa = PBXFileReference; lastKnownFileType = sourcecode.swift; path = ITC_PokemonUITestsLaunchTests.swift; sourceTree = "<group>"; };
		DC8354B229F7C567003D7840 /* PokemonModel.swift */ = {isa = PBXFileReference; lastKnownFileType = sourcecode.swift; path = PokemonModel.swift; sourceTree = "<group>"; };
		DC8354B729F7C77B003D7840 /* APIEndpoints.swift */ = {isa = PBXFileReference; lastKnownFileType = sourcecode.swift; path = APIEndpoints.swift; sourceTree = "<group>"; };
/* End PBXFileReference section */

/* Begin PBXFrameworksBuildPhase section */
		DC83548229F7C0EA003D7840 /* Frameworks */ = {
			isa = PBXFrameworksBuildPhase;
			buildActionMask = 2147483647;
			files = (
			);
			runOnlyForDeploymentPostprocessing = 0;
		};
		DC83549229F7C0EB003D7840 /* Frameworks */ = {
			isa = PBXFrameworksBuildPhase;
			buildActionMask = 2147483647;
			files = (
			);
			runOnlyForDeploymentPostprocessing = 0;
		};
		DC83549C29F7C0EC003D7840 /* Frameworks */ = {
			isa = PBXFrameworksBuildPhase;
			buildActionMask = 2147483647;
			files = (
			);
			runOnlyForDeploymentPostprocessing = 0;
		};
/* End PBXFrameworksBuildPhase section */

/* Begin PBXGroup section */
		DC83547C29F7C0EA003D7840 = {
			isa = PBXGroup;
			children = (
				DC83548729F7C0EA003D7840 /* ITC_Pokemon */,
				DC83549829F7C0EB003D7840 /* ITC_PokemonTests */,
				DC8354A229F7C0EC003D7840 /* ITC_PokemonUITests */,
				DC83548629F7C0EA003D7840 /* Products */,
			);
			sourceTree = "<group>";
		};
		DC83548629F7C0EA003D7840 /* Products */ = {
			isa = PBXGroup;
			children = (
				DC83548529F7C0EA003D7840 /* ITC_Pokemon.app */,
				DC83549529F7C0EB003D7840 /* ITC_PokemonTests.xctest */,
				DC83549F29F7C0EC003D7840 /* ITC_PokemonUITests.xctest */,
			);
			name = Products;
			sourceTree = "<group>";
		};
		DC83548729F7C0EA003D7840 /* ITC_Pokemon */ = {
			isa = PBXGroup;
			children = (
				DC8354B429F7C6A8003D7840 /* Model */,
				DC8354B529F7C6B8003D7840 /* View */,
				DC8354B629F7C6C1003D7840 /* ViewModel */,
				DC83548C29F7C0EB003D7840 /* Assets.xcassets */,
				DC83548E29F7C0EB003D7840 /* Preview Content */,
			);
			path = ITC_Pokemon;
			sourceTree = "<group>";
		};
		DC83548E29F7C0EB003D7840 /* Preview Content */ = {
			isa = PBXGroup;
			children = (
				DC83548F29F7C0EB003D7840 /* Preview Assets.xcassets */,
			);
			path = "Preview Content";
			sourceTree = "<group>";
		};
		DC83549829F7C0EB003D7840 /* ITC_PokemonTests */ = {
			isa = PBXGroup;
			children = (
				DC83549929F7C0EB003D7840 /* ITC_PokemonTests.swift */,
			);
			path = ITC_PokemonTests;
			sourceTree = "<group>";
		};
		DC8354A229F7C0EC003D7840 /* ITC_PokemonUITests */ = {
			isa = PBXGroup;
			children = (
				DC8354A329F7C0EC003D7840 /* ITC_PokemonUITests.swift */,
				DC8354A529F7C0EC003D7840 /* ITC_PokemonUITestsLaunchTests.swift */,
			);
			path = ITC_PokemonUITests;
			sourceTree = "<group>";
		};
		DC8354B429F7C6A8003D7840 /* Model */ = {
			isa = PBXGroup;
			children = (
				DC8354B229F7C567003D7840 /* PokemonModel.swift */,
				DC8354B729F7C77B003D7840 /* APIEndpoints.swift */,
			);
			path = Model;
			sourceTree = "<group>";
		};
		DC8354B529F7C6B8003D7840 /* View */ = {
			isa = PBXGroup;
			children = (
				DC83548829F7C0EA003D7840 /* ITC_PokemonApp.swift */,
				DC83548A29F7C0EA003D7840 /* ContentView.swift */,
			);
			path = View;
			sourceTree = "<group>";
		};
		DC8354B629F7C6C1003D7840 /* ViewModel */ = {
			isa = PBXGroup;
			children = (
			);
			path = ViewModel;
			sourceTree = "<group>";
		};
/* End PBXGroup section */

/* Begin PBXNativeTarget section */
		DC83548429F7C0EA003D7840 /* ITC_Pokemon */ = {
			isa = PBXNativeTarget;
			buildConfigurationList = DC8354A929F7C0EC003D7840 /* Build configuration list for PBXNativeTarget "ITC_Pokemon" */;
			buildPhases = (
				DC83548129F7C0EA003D7840 /* Sources */,
				DC83548229F7C0EA003D7840 /* Frameworks */,
				DC83548329F7C0EA003D7840 /* Resources */,
			);
			buildRules = (
			);
			dependencies = (
			);
			name = ITC_Pokemon;
			productName = ITC_Pokemon;
			productReference = DC83548529F7C0EA003D7840 /* ITC_Pokemon.app */;
			productType = "com.apple.product-type.application";
		};
		DC83549429F7C0EB003D7840 /* ITC_PokemonTests */ = {
			isa = PBXNativeTarget;
			buildConfigurationList = DC8354AC29F7C0EC003D7840 /* Build configuration list for PBXNativeTarget "ITC_PokemonTests" */;
			buildPhases = (
				DC83549129F7C0EB003D7840 /* Sources */,
				DC83549229F7C0EB003D7840 /* Frameworks */,
				DC83549329F7C0EB003D7840 /* Resources */,
			);
			buildRules = (
			);
			dependencies = (
				DC83549729F7C0EB003D7840 /* PBXTargetDependency */,
			);
			name = ITC_PokemonTests;
			productName = ITC_PokemonTests;
			productReference = DC83549529F7C0EB003D7840 /* ITC_PokemonTests.xctest */;
			productType = "com.apple.product-type.bundle.unit-test";
		};
		DC83549E29F7C0EC003D7840 /* ITC_PokemonUITests */ = {
			isa = PBXNativeTarget;
			buildConfigurationList = DC8354AF29F7C0EC003D7840 /* Build configuration list for PBXNativeTarget "ITC_PokemonUITests" */;
			buildPhases = (
				DC83549B29F7C0EC003D7840 /* Sources */,
				DC83549C29F7C0EC003D7840 /* Frameworks */,
				DC83549D29F7C0EC003D7840 /* Resources */,
			);
			buildRules = (
			);
			dependencies = (
				DC8354A129F7C0EC003D7840 /* PBXTargetDependency */,
			);
			name = ITC_PokemonUITests;
			productName = ITC_PokemonUITests;
			productReference = DC83549F29F7C0EC003D7840 /* ITC_PokemonUITests.xctest */;
			productType = "com.apple.product-type.bundle.ui-testing";
		};
/* End PBXNativeTarget section */

/* Begin PBXProject section */
		DC83547D29F7C0EA003D7840 /* Project object */ = {
			isa = PBXProject;
			attributes = {
				BuildIndependentTargetsInParallel = 1;
				LastSwiftUpdateCheck = 1430;
				LastUpgradeCheck = 1430;
				TargetAttributes = {
					DC83548429F7C0EA003D7840 = {
						CreatedOnToolsVersion = 14.3;
					};
					DC83549429F7C0EB003D7840 = {
						CreatedOnToolsVersion = 14.3;
						TestTargetID = DC83548429F7C0EA003D7840;
					};
					DC83549E29F7C0EC003D7840 = {
						CreatedOnToolsVersion = 14.3;
						TestTargetID = DC83548429F7C0EA003D7840;
					};
				};
			};
			buildConfigurationList = DC83548029F7C0EA003D7840 /* Build configuration list for PBXProject "ITC_Pokemon" */;
			compatibilityVersion = "Xcode 14.0";
			developmentRegion = en;
			hasScannedForEncodings = 0;
			knownRegions = (
				en,
				Base,
			);
			mainGroup = DC83547C29F7C0EA003D7840;
			productRefGroup = DC83548629F7C0EA003D7840 /* Products */;
			projectDirPath = "";
			projectRoot = "";
			targets = (
				DC83548429F7C0EA003D7840 /* ITC_Pokemon */,
				DC83549429F7C0EB003D7840 /* ITC_PokemonTests */,
				DC83549E29F7C0EC003D7840 /* ITC_PokemonUITests */,
			);
		};
/* End PBXProject section */

/* Begin PBXResourcesBuildPhase section */
		DC83548329F7C0EA003D7840 /* Resources */ = {
			isa = PBXResourcesBuildPhase;
			buildActionMask = 2147483647;
			files = (
				DC83549029F7C0EB003D7840 /* Preview Assets.xcassets in Resources */,
				DC83548D29F7C0EB003D7840 /* Assets.xcassets in Resources */,
			);
			runOnlyForDeploymentPostprocessing = 0;
		};
		DC83549329F7C0EB003D7840 /* Resources */ = {
			isa = PBXResourcesBuildPhase;
			buildActionMask = 2147483647;
			files = (
			);
			runOnlyForDeploymentPostprocessing = 0;
		};
		DC83549D29F7C0EC003D7840 /* Resources */ = {
			isa = PBXResourcesBuildPhase;
			buildActionMask = 2147483647;
			files = (
			);
			runOnlyForDeploymentPostprocessing = 0;
		};
/* End PBXResourcesBuildPhase section */

/* Begin PBXSourcesBuildPhase section */
		DC83548129F7C0EA003D7840 /* Sources */ = {
			isa = PBXSourcesBuildPhase;
			buildActionMask = 2147483647;
			files = (
				DC83548B29F7C0EA003D7840 /* ContentView.swift in Sources */,
				DC8354B329F7C567003D7840 /* PokemonModel.swift in Sources */,
				DC83548929F7C0EA003D7840 /* ITC_PokemonApp.swift in Sources */,
				DC8354B829F7C77B003D7840 /* APIEndpoints.swift in Sources */,
			);
			runOnlyForDeploymentPostprocessing = 0;
		};
		DC83549129F7C0EB003D7840 /* Sources */ = {
			isa = PBXSourcesBuildPhase;
			buildActionMask = 2147483647;
			files = (
				DC83549A29F7C0EB003D7840 /* ITC_PokemonTests.swift in Sources */,
			);
			runOnlyForDeploymentPostprocessing = 0;
		};
		DC83549B29F7C0EC003D7840 /* Sources */ = {
			isa = PBXSourcesBuildPhase;
			buildActionMask = 2147483647;
			files = (
				DC8354A429F7C0EC003D7840 /* ITC_PokemonUITests.swift in Sources */,
				DC8354A629F7C0EC003D7840 /* ITC_PokemonUITestsLaunchTests.swift in Sources */,
			);
			runOnlyForDeploymentPostprocessing = 0;
		};
/* End PBXSourcesBuildPhase section */

/* Begin PBXTargetDependency section */
		DC83549729F7C0EB003D7840 /* PBXTargetDependency */ = {
			isa = PBXTargetDependency;
			target = DC83548429F7C0EA003D7840 /* ITC_Pokemon */;
			targetProxy = DC83549629F7C0EB003D7840 /* PBXContainerItemProxy */;
		};
		DC8354A129F7C0EC003D7840 /* PBXTargetDependency */ = {
			isa = PBXTargetDependency;
			target = DC83548429F7C0EA003D7840 /* ITC_Pokemon */;
			targetProxy = DC8354A029F7C0EC003D7840 /* PBXContainerItemProxy */;
		};
/* End PBXTargetDependency section */

/* Begin XCBuildConfiguration section */
		DC8354A729F7C0EC003D7840 /* Debug */ = {
			isa = XCBuildConfiguration;
			buildSettings = {
				ALWAYS_SEARCH_USER_PATHS = NO;
				CLANG_ANALYZER_NONNULL = YES;
				CLANG_ANALYZER_NUMBER_OBJECT_CONVERSION = YES_AGGRESSIVE;
				CLANG_CXX_LANGUAGE_STANDARD = "gnu++20";
				CLANG_ENABLE_MODULES = YES;
				CLANG_ENABLE_OBJC_ARC = YES;
				CLANG_ENABLE_OBJC_WEAK = YES;
				CLANG_WARN_BLOCK_CAPTURE_AUTORELEASING = YES;
				CLANG_WARN_BOOL_CONVERSION = YES;
				CLANG_WARN_COMMA = YES;
				CLANG_WARN_CONSTANT_CONVERSION = YES;
				CLANG_WARN_DEPRECATED_OBJC_IMPLEMENTATIONS = YES;
				CLANG_WARN_DIRECT_OBJC_ISA_USAGE = YES_ERROR;
				CLANG_WARN_DOCUMENTATION_COMMENTS = YES;
				CLANG_WARN_EMPTY_BODY = YES;
				CLANG_WARN_ENUM_CONVERSION = YES;
				CLANG_WARN_INFINITE_RECURSION = YES;
				CLANG_WARN_INT_CONVERSION = YES;
				CLANG_WARN_NON_LITERAL_NULL_CONVERSION = YES;
				CLANG_WARN_OBJC_IMPLICIT_RETAIN_SELF = YES;
				CLANG_WARN_OBJC_LITERAL_CONVERSION = YES;
				CLANG_WARN_OBJC_ROOT_CLASS = YES_ERROR;
				CLANG_WARN_QUOTED_INCLUDE_IN_FRAMEWORK_HEADER = YES;
				CLANG_WARN_RANGE_LOOP_ANALYSIS = YES;
				CLANG_WARN_STRICT_PROTOTYPES = YES;
				CLANG_WARN_SUSPICIOUS_MOVE = YES;
				CLANG_WARN_UNGUARDED_AVAILABILITY = YES_AGGRESSIVE;
				CLANG_WARN_UNREACHABLE_CODE = YES;
				CLANG_WARN__DUPLICATE_METHOD_MATCH = YES;
				COPY_PHASE_STRIP = NO;
				DEBUG_INFORMATION_FORMAT = dwarf;
				ENABLE_STRICT_OBJC_MSGSEND = YES;
				ENABLE_TESTABILITY = YES;
				GCC_C_LANGUAGE_STANDARD = gnu11;
				GCC_DYNAMIC_NO_PIC = NO;
				GCC_NO_COMMON_BLOCKS = YES;
				GCC_OPTIMIZATION_LEVEL = 0;
				GCC_PREPROCESSOR_DEFINITIONS = (
					"DEBUG=1",
					"$(inherited)",
				);
				GCC_WARN_64_TO_32_BIT_CONVERSION = YES;
				GCC_WARN_ABOUT_RETURN_TYPE = YES_ERROR;
				GCC_WARN_UNDECLARED_SELECTOR = YES;
				GCC_WARN_UNINITIALIZED_AUTOS = YES_AGGRESSIVE;
				GCC_WARN_UNUSED_FUNCTION = YES;
				GCC_WARN_UNUSED_VARIABLE = YES;
				IPHONEOS_DEPLOYMENT_TARGET = 16.4;
				MTL_ENABLE_DEBUG_INFO = INCLUDE_SOURCE;
				MTL_FAST_MATH = YES;
				ONLY_ACTIVE_ARCH = YES;
				SDKROOT = iphoneos;
				SWIFT_ACTIVE_COMPILATION_CONDITIONS = DEBUG;
				SWIFT_OPTIMIZATION_LEVEL = "-Onone";
			};
			name = Debug;
		};
		DC8354A829F7C0EC003D7840 /* Release */ = {
			isa = XCBuildConfiguration;
			buildSettings = {
				ALWAYS_SEARCH_USER_PATHS = NO;
				CLANG_ANALYZER_NONNULL = YES;
				CLANG_ANALYZER_NUMBER_OBJECT_CONVERSION = YES_AGGRESSIVE;
				CLANG_CXX_LANGUAGE_STANDARD = "gnu++20";
				CLANG_ENABLE_MODULES = YES;
				CLANG_ENABLE_OBJC_ARC = YES;
				CLANG_ENABLE_OBJC_WEAK = YES;
				CLANG_WARN_BLOCK_CAPTURE_AUTORELEASING = YES;
				CLANG_WARN_BOOL_CONVERSION = YES;
				CLANG_WARN_COMMA = YES;
				CLANG_WARN_CONSTANT_CONVERSION = YES;
				CLANG_WARN_DEPRECATED_OBJC_IMPLEMENTATIONS = YES;
				CLANG_WARN_DIRECT_OBJC_ISA_USAGE = YES_ERROR;
				CLANG_WARN_DOCUMENTATION_COMMENTS = YES;
				CLANG_WARN_EMPTY_BODY = YES;
				CLANG_WARN_ENUM_CONVERSION = YES;
				CLANG_WARN_INFINITE_RECURSION = YES;
				CLANG_WARN_INT_CONVERSION = YES;
				CLANG_WARN_NON_LITERAL_NULL_CONVERSION = YES;
				CLANG_WARN_OBJC_IMPLICIT_RETAIN_SELF = YES;
				CLANG_WARN_OBJC_LITERAL_CONVERSION = YES;
				CLANG_WARN_OBJC_ROOT_CLASS = YES_ERROR;
				CLANG_WARN_QUOTED_INCLUDE_IN_FRAMEWORK_HEADER = YES;
				CLANG_WARN_RANGE_LOOP_ANALYSIS = YES;
				CLANG_WARN_STRICT_PROTOTYPES = YES;
				CLANG_WARN_SUSPICIOUS_MOVE = YES;
				CLANG_WARN_UNGUARDED_AVAILABILITY = YES_AGGRESSIVE;
				CLANG_WARN_UNREACHABLE_CODE = YES;
				CLANG_WARN__DUPLICATE_METHOD_MATCH = YES;
				COPY_PHASE_STRIP = NO;
				DEBUG_INFORMATION_FORMAT = "dwarf-with-dsym";
				ENABLE_NS_ASSERTIONS = NO;
				ENABLE_STRICT_OBJC_MSGSEND = YES;
				GCC_C_LANGUAGE_STANDARD = gnu11;
				GCC_NO_COMMON_BLOCKS = YES;
				GCC_WARN_64_TO_32_BIT_CONVERSION = YES;
				GCC_WARN_ABOUT_RETURN_TYPE = YES_ERROR;
				GCC_WARN_UNDECLARED_SELECTOR = YES;
				GCC_WARN_UNINITIALIZED_AUTOS = YES_AGGRESSIVE;
				GCC_WARN_UNUSED_FUNCTION = YES;
				GCC_WARN_UNUSED_VARIABLE = YES;
				IPHONEOS_DEPLOYMENT_TARGET = 16.4;
				MTL_ENABLE_DEBUG_INFO = NO;
				MTL_FAST_MATH = YES;
				SDKROOT = iphoneos;
				SWIFT_COMPILATION_MODE = wholemodule;
				SWIFT_OPTIMIZATION_LEVEL = "-O";
				VALIDATE_PRODUCT = YES;
			};
			name = Release;
		};
		DC8354AA29F7C0EC003D7840 /* Debug */ = {
			isa = XCBuildConfiguration;
			buildSettings = {
				ASSETCATALOG_COMPILER_APPICON_NAME = AppIcon;
				ASSETCATALOG_COMPILER_GLOBAL_ACCENT_COLOR_NAME = AccentColor;
				CODE_SIGN_STYLE = Automatic;
				CURRENT_PROJECT_VERSION = 1;
				DEVELOPMENT_ASSET_PATHS = "\"ITC_Pokemon/Preview Content\"";
				ENABLE_PREVIEWS = YES;
				GENERATE_INFOPLIST_FILE = YES;
				INFOPLIST_KEY_UIApplicationSceneManifest_Generation = YES;
				INFOPLIST_KEY_UIApplicationSupportsIndirectInputEvents = YES;
				INFOPLIST_KEY_UILaunchScreen_Generation = YES;
				INFOPLIST_KEY_UISupportedInterfaceOrientations_iPad = "UIInterfaceOrientationPortrait UIInterfaceOrientationPortraitUpsideDown UIInterfaceOrientationLandscapeLeft UIInterfaceOrientationLandscapeRight";
				INFOPLIST_KEY_UISupportedInterfaceOrientations_iPhone = "UIInterfaceOrientationPortrait UIInterfaceOrientationLandscapeLeft UIInterfaceOrientationLandscapeRight";
				LD_RUNPATH_SEARCH_PATHS = (
					"$(inherited)",
					"@executable_path/Frameworks",
				);
				MARKETING_VERSION = 1.0;
				PRODUCT_BUNDLE_IDENTIFIER = "com.tp.ITC-Pokemon";
				PRODUCT_NAME = "$(TARGET_NAME)";
				SWIFT_EMIT_LOC_STRINGS = YES;
				SWIFT_VERSION = 5.0;
				TARGETED_DEVICE_FAMILY = "1,2";
			};
			name = Debug;
		};
		DC8354AB29F7C0EC003D7840 /* Release */ = {
			isa = XCBuildConfiguration;
			buildSettings = {
				ASSETCATALOG_COMPILER_APPICON_NAME = AppIcon;
				ASSETCATALOG_COMPILER_GLOBAL_ACCENT_COLOR_NAME = AccentColor;
				CODE_SIGN_STYLE = Automatic;
				CURRENT_PROJECT_VERSION = 1;
				DEVELOPMENT_ASSET_PATHS = "\"ITC_Pokemon/Preview Content\"";
				ENABLE_PREVIEWS = YES;
				GENERATE_INFOPLIST_FILE = YES;
				INFOPLIST_KEY_UIApplicationSceneManifest_Generation = YES;
				INFOPLIST_KEY_UIApplicationSupportsIndirectInputEvents = YES;
				INFOPLIST_KEY_UILaunchScreen_Generation = YES;
				INFOPLIST_KEY_UISupportedInterfaceOrientations_iPad = "UIInterfaceOrientationPortrait UIInterfaceOrientationPortraitUpsideDown UIInterfaceOrientationLandscapeLeft UIInterfaceOrientationLandscapeRight";
				INFOPLIST_KEY_UISupportedInterfaceOrientations_iPhone = "UIInterfaceOrientationPortrait UIInterfaceOrientationLandscapeLeft UIInterfaceOrientationLandscapeRight";
				LD_RUNPATH_SEARCH_PATHS = (
					"$(inherited)",
					"@executable_path/Frameworks",
				);
				MARKETING_VERSION = 1.0;
				PRODUCT_BUNDLE_IDENTIFIER = "com.tp.ITC-Pokemon";
				PRODUCT_NAME = "$(TARGET_NAME)";
				SWIFT_EMIT_LOC_STRINGS = YES;
				SWIFT_VERSION = 5.0;
				TARGETED_DEVICE_FAMILY = "1,2";
			};
			name = Release;
		};
		DC8354AD29F7C0EC003D7840 /* Debug */ = {
			isa = XCBuildConfiguration;
			buildSettings = {
				ALWAYS_EMBED_SWIFT_STANDARD_LIBRARIES = YES;
				BUNDLE_LOADER = "$(TEST_HOST)";
				CODE_SIGN_STYLE = Automatic;
				CURRENT_PROJECT_VERSION = 1;
				GENERATE_INFOPLIST_FILE = YES;
				IPHONEOS_DEPLOYMENT_TARGET = 16.4;
				MARKETING_VERSION = 1.0;
				PRODUCT_BUNDLE_IDENTIFIER = "com.tp.ITC-PokemonTests";
				PRODUCT_NAME = "$(TARGET_NAME)";
				SWIFT_EMIT_LOC_STRINGS = NO;
				SWIFT_VERSION = 5.0;
				TARGETED_DEVICE_FAMILY = "1,2";
				TEST_HOST = "$(BUILT_PRODUCTS_DIR)/ITC_Pokemon.app/$(BUNDLE_EXECUTABLE_FOLDER_PATH)/ITC_Pokemon";
			};
			name = Debug;
		};
		DC8354AE29F7C0EC003D7840 /* Release */ = {
			isa = XCBuildConfiguration;
			buildSettings = {
				ALWAYS_EMBED_SWIFT_STANDARD_LIBRARIES = YES;
				BUNDLE_LOADER = "$(TEST_HOST)";
				CODE_SIGN_STYLE = Automatic;
				CURRENT_PROJECT_VERSION = 1;
				GENERATE_INFOPLIST_FILE = YES;
				IPHONEOS_DEPLOYMENT_TARGET = 16.4;
				MARKETING_VERSION = 1.0;
				PRODUCT_BUNDLE_IDENTIFIER = "com.tp.ITC-PokemonTests";
				PRODUCT_NAME = "$(TARGET_NAME)";
				SWIFT_EMIT_LOC_STRINGS = NO;
				SWIFT_VERSION = 5.0;
				TARGETED_DEVICE_FAMILY = "1,2";
				TEST_HOST = "$(BUILT_PRODUCTS_DIR)/ITC_Pokemon.app/$(BUNDLE_EXECUTABLE_FOLDER_PATH)/ITC_Pokemon";
			};
			name = Release;
		};
		DC8354B029F7C0EC003D7840 /* Debug */ = {
			isa = XCBuildConfiguration;
			buildSettings = {
				ALWAYS_EMBED_SWIFT_STANDARD_LIBRARIES = YES;
				CODE_SIGN_STYLE = Automatic;
				CURRENT_PROJECT_VERSION = 1;
				GENERATE_INFOPLIST_FILE = YES;
				MARKETING_VERSION = 1.0;
				PRODUCT_BUNDLE_IDENTIFIER = "com.tp.ITC-PokemonUITests";
				PRODUCT_NAME = "$(TARGET_NAME)";
				SWIFT_EMIT_LOC_STRINGS = NO;
				SWIFT_VERSION = 5.0;
				TARGETED_DEVICE_FAMILY = "1,2";
				TEST_TARGET_NAME = ITC_Pokemon;
			};
			name = Debug;
		};
		DC8354B129F7C0EC003D7840 /* Release */ = {
			isa = XCBuildConfiguration;
			buildSettings = {
				ALWAYS_EMBED_SWIFT_STANDARD_LIBRARIES = YES;
				CODE_SIGN_STYLE = Automatic;
				CURRENT_PROJECT_VERSION = 1;
				GENERATE_INFOPLIST_FILE = YES;
				MARKETING_VERSION = 1.0;
				PRODUCT_BUNDLE_IDENTIFIER = "com.tp.ITC-PokemonUITests";
				PRODUCT_NAME = "$(TARGET_NAME)";
				SWIFT_EMIT_LOC_STRINGS = NO;
				SWIFT_VERSION = 5.0;
				TARGETED_DEVICE_FAMILY = "1,2";
				TEST_TARGET_NAME = ITC_Pokemon;
			};
			name = Release;
		};
/* End XCBuildConfiguration section */

/* Begin XCConfigurationList section */
		DC83548029F7C0EA003D7840 /* Build configuration list for PBXProject "ITC_Pokemon" */ = {
			isa = XCConfigurationList;
			buildConfigurations = (
				DC8354A729F7C0EC003D7840 /* Debug */,
				DC8354A829F7C0EC003D7840 /* Release */,
			);
			defaultConfigurationIsVisible = 0;
			defaultConfigurationName = Release;
		};
		DC8354A929F7C0EC003D7840 /* Build configuration list for PBXNativeTarget "ITC_Pokemon" */ = {
			isa = XCConfigurationList;
			buildConfigurations = (
				DC8354AA29F7C0EC003D7840 /* Debug */,
				DC8354AB29F7C0EC003D7840 /* Release */,
			);
			defaultConfigurationIsVisible = 0;
			defaultConfigurationName = Release;
		};
		DC8354AC29F7C0EC003D7840 /* Build configuration list for PBXNativeTarget "ITC_PokemonTests" */ = {
			isa = XCConfigurationList;
			buildConfigurations = (
				DC8354AD29F7C0EC003D7840 /* Debug */,
				DC8354AE29F7C0EC003D7840 /* Release */,
			);
			defaultConfigurationIsVisible = 0;
			defaultConfigurationName = Release;
		};
		DC8354AF29F7C0EC003D7840 /* Build configuration list for PBXNativeTarget "ITC_PokemonUITests" */ = {
			isa = XCConfigurationList;
			buildConfigurations = (
				DC8354B029F7C0EC003D7840 /* Debug */,
				DC8354B129F7C0EC003D7840 /* Release */,
			);
			defaultConfigurationIsVisible = 0;
			defaultConfigurationName = Release;
		};
/* End XCConfigurationList section */
	};
	rootObject = DC83547D29F7C0EA003D7840 /* Project object */;
}
